
Microsoft Visual Studio Solution File, Format Version 12.00
# Visual Studio Version 16
VisualStudioVersion = 16.0.29609.76
MinimumVisualStudioVersion = 10.0.40219.1
Project("{9A19103F-16F7-4668-BE54-9A1E7A4F7556}") = "DDD.Infrastructure", "DDD.Infrastructure\DDD.Infrastructure.csproj", "{381A36C0-1BBF-4208-877A-84ECCB6EEA29}"
EndProject
Project("{9A19103F-16F7-4668-BE54-9A1E7A4F7556}") = "DDD.UnitTest", "DDD.UnitTest\DDD.UnitTest.csproj", "{787774AE-644E-4B2D-AE4A-33374223EF3F}"
EndProject
Project("{FAE04EC0-301F-11D3-BF4B-00C04F79EFBC}") = "DDD.Domain", "DDD.Domain\DDD.Domain.csproj", "{189FB08D-3309-44C6-BC24-71ADAFD70854}"
EndProject
Project("{FAE04EC0-301F-11D3-BF4B-00C04F79EFBC}") = "DDD.Demo", "DDD.Demo\DDD.Demo.csproj", "{C59D8DAF-DC6A-4994-B433-8A34D431D4A4}"
EndProject
Global
	GlobalSection(SolutionConfigurationPlatforms) = preSolution
		Debug|Any CPU = Debug|Any CPU
		Release|Any CPU = Release|Any CPU
	EndGlobalSection
	GlobalSection(ProjectConfigurationPlatforms) = postSolution
		{381A36C0-1BBF-4208-877A-84ECCB6EEA29}.Debug|Any CPU.ActiveCfg = Debug|Any CPU
		{381A36C0-1BBF-4208-877A-84ECCB6EEA29}.Debug|Any CPU.Build.0 = Debug|Any CPU
		{381A36C0-1BBF-4208-877A-84ECCB6EEA29}.Release|Any CPU.ActiveCfg = Release|Any CPU
		{381A36C0-1BBF-4208-877A-84ECCB6EEA29}.Release|Any CPU.Build.0 = Release|Any CPU
		{787774AE-644E-4B2D-AE4A-33374223EF3F}.Debug|Any CPU.ActiveCfg = Debug|Any CPU
		{787774AE-644E-4B2D-AE4A-33374223EF3F}.Debug|Any CPU.Build.0 = Debug|Any CPU
		{787774AE-644E-4B2D-AE4A-33374223EF3F}.Release|Any CPU.ActiveCfg = Release|Any CPU
		{787774AE-644E-4B2D-AE4A-33374223EF3F}.Release|Any CPU.Build.0 = Release|Any CPU
		{189FB08D-3309-44C6-BC24-71ADAFD70854}.Debug|Any CPU.ActiveCfg = Debug|Any CPU
		{189FB08D-3309-44C6-BC24-71ADAFD70854}.Debug|Any CPU.Build.0 = Debug|Any CPU
		{189FB08D-3309-44C6-BC24-71ADAFD70854}.Release|Any CPU.ActiveCfg = Release|Any CPU
		{189FB08D-3309-44C6-BC24-71ADAFD70854}.Release|Any CPU.Build.0 = Release|Any CPU
		{C59D8DAF-DC6A-4994-B433-8A34D431D4A4}.Debug|Any CPU.ActiveCfg = Debug|Any CPU
		{C59D8DAF-DC6A-4994-B433-8A34D431D4A4}.Debug|Any CPU.Build.0 = Debug|Any CPU
		{C59D8DAF-DC6A-4994-B433-8A34D431D4A4}.Release|Any CPU.ActiveCfg = Release|Any CPU
		{C59D8DAF-DC6A-4994-B433-8A34D431D4A4}.Release|Any CPU.Build.0 = Release|Any CPU
	EndGlobalSection
	GlobalSection(SolutionProperties) = preSolution
		HideSolutionNode = FALSE
	EndGlobalSection
	GlobalSection(ExtensibilityGlobals) = postSolution
		SolutionGuid = {988CD640-2C0F-4243-97D2-7507AE52B657}
	EndGlobalSection
EndGlobal
